
Microsoft Visual Studio Solution File, Format Version 12.00
# Visual Studio Version 17
VisualStudioVersion = 17.4.33213.308
MinimumVisualStudioVersion = 10.0.40219.1
Project("{FAE04EC0-301F-11D3-BF4B-00C04F79EFBC}") = "ExamenFinal_0902227523", "ExamenFinal_0902227523.csproj", "{8DBCDF14-68AD-413C-8DA7-BAFFEEC94F9A}"
EndProject
Global
	GlobalSection(SolutionConfigurationPlatforms) = preSolution
		Debug|Any CPU = Debug|Any CPU
		Release|Any CPU = Release|Any CPU
	EndGlobalSection
	GlobalSection(ProjectConfigurationPlatforms) = postSolution
		{8DBCDF14-68AD-413C-8DA7-BAFFEEC94F9A}.Debug|Any CPU.ActiveCfg = Debug|Any CPU
		{8DBCDF14-68AD-413C-8DA7-BAFFEEC94F9A}.Debug|Any CPU.Build.0 = Debug|Any CPU
		{8DBCDF14-68AD-413C-8DA7-BAFFEEC94F9A}.Release|Any CPU.ActiveCfg = Release|Any CPU
		{8DBCDF14-68AD-413C-8DA7-BAFFEEC94F9A}.Release|Any CPU.Build.0 = Release|Any CPU
	EndGlobalSection
	GlobalSection(SolutionProperties) = preSolution
		HideSolutionNode = FALSE
	EndGlobalSection
	GlobalSection(ExtensibilityGlobals) = postSolution
		SolutionGuid = {77D43BFB-700B-4904-9063-53789B5946A0}
	EndGlobalSection
EndGlobal
